
Microsoft Visual Studio Solution File, Format Version 12.00
# Visual Studio Version 17
VisualStudioVersion = 17.3.32825.248
MinimumVisualStudioVersion = 10.0.40219.1
Project("{FAE04EC0-301F-11D3-BF4B-00C04F79EFBC}") = "Tutorial", "Tutorial\Tutorial.csproj", "{C43826FD-4159-4237-93BE-12BCC4545C5C}"
EndProject
Project("{FAE04EC0-301F-11D3-BF4B-00C04F79EFBC}") = "TrayAppUtility", "TrayAppUtility\TrayAppUtility.csproj", "{4D57B896-4C8C-4B8F-A7B2-C618191B784D}"
EndProject
Global
	GlobalSection(SolutionConfigurationPlatforms) = preSolution
		Debug|Any CPU = Debug|Any CPU
		Release|Any CPU = Release|Any CPU
	EndGlobalSection
	GlobalSection(ProjectConfigurationPlatforms) = postSolution
		{C43826FD-4159-4237-93BE-12BCC4545C5C}.Debug|Any CPU.ActiveCfg = Debug|Any CPU
		{C43826FD-4159-4237-93BE-12BCC4545C5C}.Debug|Any CPU.Build.0 = Debug|Any CPU
		{C43826FD-4159-4237-93BE-12BCC4545C5C}.Release|Any CPU.ActiveCfg = Release|Any CPU
		{C43826FD-4159-4237-93BE-12BCC4545C5C}.Release|Any CPU.Build.0 = Release|Any CPU
		{4D57B896-4C8C-4B8F-A7B2-C618191B784D}.Debug|Any CPU.ActiveCfg = Debug|Any CPU
		{4D57B896-4C8C-4B8F-A7B2-C618191B784D}.Debug|Any CPU.Build.0 = Debug|Any CPU
		{4D57B896-4C8C-4B8F-A7B2-C618191B784D}.Release|Any CPU.ActiveCfg = Release|Any CPU
		{4D57B896-4C8C-4B8F-A7B2-C618191B784D}.Release|Any CPU.Build.0 = Release|Any CPU
	EndGlobalSection
	GlobalSection(SolutionProperties) = preSolution
		HideSolutionNode = FALSE
	EndGlobalSection
	GlobalSection(ExtensibilityGlobals) = postSolution
		SolutionGuid = {16573E8C-5D46-4B47-B382-AA70F2301351}
	EndGlobalSection
EndGlobal
